// !$*UTF8*$!
{
	archiveVersion = 1;
	classes = {
	};
	objectVersion = 46;
	objects = {

/* Begin PBXBuildFile section */
		740B16371DEF696B0073C2D8 /* BoardDetailViewController.m in Sources */ = {isa = PBXBuildFile; fileRef = 9503499C1DECD38300C54098 /* BoardDetailViewController.m */; };
		747B90B21DEBAF05001D5A9D /* main.m in Sources */ = {isa = PBXBuildFile; fileRef = 747B90B11DEBAF05001D5A9D /* main.m */; };
		747B90B51DEBAF05001D5A9D /* AppDelegate.m in Sources */ = {isa = PBXBuildFile; fileRef = 747B90B41DEBAF05001D5A9D /* AppDelegate.m */; };
		747B90B81DEBAF05001D5A9D /* ViewController.m in Sources */ = {isa = PBXBuildFile; fileRef = 747B90B71DEBAF05001D5A9D /* ViewController.m */; };
		747B90BB1DEBAF05001D5A9D /* Main.storyboard in Resources */ = {isa = PBXBuildFile; fileRef = 747B90B91DEBAF05001D5A9D /* Main.storyboard */; };
		747B90BE1DEBAF05001D5A9D /* Scoreboard.xcdatamodeld in Sources */ = {isa = PBXBuildFile; fileRef = 747B90BC1DEBAF05001D5A9D /* Scoreboard.xcdatamodeld */; };
		747B90C01DEBAF05001D5A9D /* Assets.xcassets in Resources */ = {isa = PBXBuildFile; fileRef = 747B90BF1DEBAF05001D5A9D /* Assets.xcassets */; };
		747B90C31DEBAF05001D5A9D /* LaunchScreen.storyboard in Resources */ = {isa = PBXBuildFile; fileRef = 747B90C11DEBAF05001D5A9D /* LaunchScreen.storyboard */; };
		74F532621DF0A50C005AB493 /* Scoreboard.xcdatamodeld in Resources */ = {isa = PBXBuildFile; fileRef = 747B90BC1DEBAF05001D5A9D /* Scoreboard.xcdatamodeld */; };
		950349931DECB34F00C54098 /* PageViewController.m in Sources */ = {isa = PBXBuildFile; fileRef = 950349921DECB34F00C54098 /* PageViewController.m */; };
		950349961DECB4A800C54098 /* PlayerViewController.m in Sources */ = {isa = PBXBuildFile; fileRef = 950349951DECB4A800C54098 /* PlayerViewController.m */; };
		950349991DECB4B300C54098 /* GameSummaryViewController.m in Sources */ = {isa = PBXBuildFile; fileRef = 950349981DECB4B300C54098 /* GameSummaryViewController.m */; };
		95367B561DF374AF002EFF6C /* FiveSummaryViewController.m in Sources */ = {isa = PBXBuildFile; fileRef = 95367B551DF374AF002EFF6C /* FiveSummaryViewController.m */; };
/* End PBXBuildFile section */

/* Begin PBXFileReference section */
		747B90AD1DEBAF05001D5A9D /* Scoreboard.app */ = {isa = PBXFileReference; explicitFileType = wrapper.application; includeInIndex = 0; path = Scoreboard.app; sourceTree = BUILT_PRODUCTS_DIR; };
		747B90B11DEBAF05001D5A9D /* main.m */ = {isa = PBXFileReference; lastKnownFileType = sourcecode.c.objc; path = main.m; sourceTree = "<group>"; };
		747B90B31DEBAF05001D5A9D /* AppDelegate.h */ = {isa = PBXFileReference; lastKnownFileType = sourcecode.c.h; path = AppDelegate.h; sourceTree = "<group>"; };
		747B90B41DEBAF05001D5A9D /* AppDelegate.m */ = {isa = PBXFileReference; lastKnownFileType = sourcecode.c.objc; path = AppDelegate.m; sourceTree = "<group>"; };
		747B90B61DEBAF05001D5A9D /* ViewController.h */ = {isa = PBXFileReference; lastKnownFileType = sourcecode.c.h; path = ViewController.h; sourceTree = "<group>"; };
		747B90B71DEBAF05001D5A9D /* ViewController.m */ = {isa = PBXFileReference; lastKnownFileType = sourcecode.c.objc; path = ViewController.m; sourceTree = "<group>"; };
		747B90BA1DEBAF05001D5A9D /* Base */ = {isa = PBXFileReference; lastKnownFileType = file.storyboard; name = Base; path = Base.lproj/Main.storyboard; sourceTree = "<group>"; };
		747B90BD1DEBAF05001D5A9D /* Scoreboard.xcdatamodel */ = {isa = PBXFileReference; lastKnownFileType = wrapper.xcdatamodel; path = Scoreboard.xcdatamodel; sourceTree = "<group>"; };
		747B90BF1DEBAF05001D5A9D /* Assets.xcassets */ = {isa = PBXFileReference; lastKnownFileType = folder.assetcatalog; path = Assets.xcassets; sourceTree = "<group>"; };
		747B90C21DEBAF05001D5A9D /* Base */ = {isa = PBXFileReference; lastKnownFileType = file.storyboard; name = Base; path = Base.lproj/LaunchScreen.storyboard; sourceTree = "<group>"; };
		747B90C41DEBAF05001D5A9D /* Info.plist */ = {isa = PBXFileReference; lastKnownFileType = text.plist.xml; path = Info.plist; sourceTree = "<group>"; };
		747B90CA1DEC9D00001D5A9D /* GameManager.h */ = {isa = PBXFileReference; fileEncoding = 4; lastKnownFileType = sourcecode.c.h; name = GameManager.h; path = ../GameManager.h; sourceTree = "<group>"; };
		747B90CB1DEC9D00001D5A9D /* GameManager.m */ = {isa = PBXFileReference; fileEncoding = 4; lastKnownFileType = sourcecode.c.objc; name = GameManager.m; path = ../GameManager.m; sourceTree = "<group>"; };
		950349911DECB34F00C54098 /* PageViewController.h */ = {isa = PBXFileReference; fileEncoding = 4; lastKnownFileType = sourcecode.c.h; path = PageViewController.h; sourceTree = "<group>"; };
		950349921DECB34F00C54098 /* PageViewController.m */ = {isa = PBXFileReference; fileEncoding = 4; lastKnownFileType = sourcecode.c.objc; path = PageViewController.m; sourceTree = "<group>"; };
		950349941DECB4A800C54098 /* PlayerViewController.h */ = {isa = PBXFileReference; fileEncoding = 4; lastKnownFileType = sourcecode.c.h; path = PlayerViewController.h; sourceTree = "<group>"; };
		950349951DECB4A800C54098 /* PlayerViewController.m */ = {isa = PBXFileReference; fileEncoding = 4; lastKnownFileType = sourcecode.c.objc; path = PlayerViewController.m; sourceTree = "<group>"; };
		950349971DECB4B300C54098 /* GameSummaryViewController.h */ = {isa = PBXFileReference; fileEncoding = 4; lastKnownFileType = sourcecode.c.h; path = GameSummaryViewController.h; sourceTree = "<group>"; };
		950349981DECB4B300C54098 /* GameSummaryViewController.m */ = {isa = PBXFileReference; fileEncoding = 4; lastKnownFileType = sourcecode.c.objc; path = GameSummaryViewController.m; sourceTree = "<group>"; };
		9503499B1DECD38200C54098 /* BoardDetailViewController.h */ = {isa = PBXFileReference; fileEncoding = 4; lastKnownFileType = sourcecode.c.h; path = BoardDetailViewController.h; sourceTree = "<group>"; };
		9503499C1DECD38300C54098 /* BoardDetailViewController.m */ = {isa = PBXFileReference; fileEncoding = 4; lastKnownFileType = sourcecode.c.objc; path = BoardDetailViewController.m; sourceTree = "<group>"; };
		952302571DF0A2C000AE1DB1 /* Scoreboard 2.xcdatamodel */ = {isa = PBXFileReference; lastKnownFileType = wrapper.xcdatamodel; path = "Scoreboard 2.xcdatamodel"; sourceTree = "<group>"; };
		95367B3C1DF37065002EFF6C /* Player+CoreDataClass.h */ = {isa = PBXFileReference; fileEncoding = 4; lastKnownFileType = sourcecode.c.h; name = "Player+CoreDataClass.h"; path = "../Player+CoreDataClass.h"; sourceTree = "<group>"; };
		95367B3D1DF37065002EFF6C /* Player+CoreDataClass.m */ = {isa = PBXFileReference; fileEncoding = 4; lastKnownFileType = sourcecode.c.objc; name = "Player+CoreDataClass.m"; path = "../Player+CoreDataClass.m"; sourceTree = "<group>"; };
		95367B3E1DF37065002EFF6C /* Player+CoreDataProperties.h */ = {isa = PBXFileReference; fileEncoding = 4; lastKnownFileType = sourcecode.c.h; name = "Player+CoreDataProperties.h"; path = "../Player+CoreDataProperties.h"; sourceTree = "<group>"; };
		95367B3F1DF37065002EFF6C /* Player+CoreDataProperties.m */ = {isa = PBXFileReference; fileEncoding = 4; lastKnownFileType = sourcecode.c.objc; name = "Player+CoreDataProperties.m"; path = "../Player+CoreDataProperties.m"; sourceTree = "<group>"; };
		95367B401DF37065002EFF6C /* CricketPoints+CoreDataClass.h */ = {isa = PBXFileReference; fileEncoding = 4; lastKnownFileType = sourcecode.c.h; name = "CricketPoints+CoreDataClass.h"; path = "../CricketPoints+CoreDataClass.h"; sourceTree = "<group>"; };
		95367B411DF37065002EFF6C /* CricketPoints+CoreDataClass.m */ = {isa = PBXFileReference; fileEncoding = 4; lastKnownFileType = sourcecode.c.objc; name = "CricketPoints+CoreDataClass.m"; path = "../CricketPoints+CoreDataClass.m"; sourceTree = "<group>"; };
		95367B421DF37065002EFF6C /* CricketPoints+CoreDataProperties.h */ = {isa = PBXFileReference; fileEncoding = 4; lastKnownFileType = sourcecode.c.h; name = "CricketPoints+CoreDataProperties.h"; path = "../CricketPoints+CoreDataProperties.h"; sourceTree = "<group>"; };
		95367B431DF37065002EFF6C /* CricketPoints+CoreDataProperties.m */ = {isa = PBXFileReference; fileEncoding = 4; lastKnownFileType = sourcecode.c.objc; name = "CricketPoints+CoreDataProperties.m"; path = "../CricketPoints+CoreDataProperties.m"; sourceTree = "<group>"; };
		95367B441DF37065002EFF6C /* Game+CoreDataClass.h */ = {isa = PBXFileReference; fileEncoding = 4; lastKnownFileType = sourcecode.c.h; name = "Game+CoreDataClass.h"; path = "../Game+CoreDataClass.h"; sourceTree = "<group>"; };
		95367B451DF37065002EFF6C /* Game+CoreDataClass.m */ = {isa = PBXFileReference; fileEncoding = 4; lastKnownFileType = sourcecode.c.objc; name = "Game+CoreDataClass.m"; path = "../Game+CoreDataClass.m"; sourceTree = "<group>"; };
		95367B461DF37065002EFF6C /* Game+CoreDataProperties.h */ = {isa = PBXFileReference; fileEncoding = 4; lastKnownFileType = sourcecode.c.h; name = "Game+CoreDataProperties.h"; path = "../Game+CoreDataProperties.h"; sourceTree = "<group>"; };
		95367B471DF37065002EFF6C /* Game+CoreDataProperties.m */ = {isa = PBXFileReference; fileEncoding = 4; lastKnownFileType = sourcecode.c.objc; name = "Game+CoreDataProperties.m"; path = "../Game+CoreDataProperties.m"; sourceTree = "<group>"; };
		95367B481DF37065002EFF6C /* Points501+CoreDataClass.h */ = {isa = PBXFileReference; fileEncoding = 4; lastKnownFileType = sourcecode.c.h; name = "Points501+CoreDataClass.h"; path = "../Points501+CoreDataClass.h"; sourceTree = "<group>"; };
		95367B491DF37065002EFF6C /* Points501+CoreDataClass.m */ = {isa = PBXFileReference; fileEncoding = 4; lastKnownFileType = sourcecode.c.objc; name = "Points501+CoreDataClass.m"; path = "../Points501+CoreDataClass.m"; sourceTree = "<group>"; };
		95367B4A1DF37065002EFF6C /* Points501+CoreDataProperties.h */ = {isa = PBXFileReference; fileEncoding = 4; lastKnownFileType = sourcecode.c.h; name = "Points501+CoreDataProperties.h"; path = "../Points501+CoreDataProperties.h"; sourceTree = "<group>"; };
		95367B4B1DF37065002EFF6C /* Points501+CoreDataProperties.m */ = {isa = PBXFileReference; fileEncoding = 4; lastKnownFileType = sourcecode.c.objc; name = "Points501+CoreDataProperties.m"; path = "../Points501+CoreDataProperties.m"; sourceTree = "<group>"; };
		95367B541DF374AF002EFF6C /* FiveSummaryViewController.h */ = {isa = PBXFileReference; fileEncoding = 4; lastKnownFileType = sourcecode.c.h; path = FiveSummaryViewController.h; sourceTree = "<group>"; };
		95367B551DF374AF002EFF6C /* FiveSummaryViewController.m */ = {isa = PBXFileReference; fileEncoding = 4; lastKnownFileType = sourcecode.c.objc; path = FiveSummaryViewController.m; sourceTree = "<group>"; };
/* End PBXFileReference section */

/* Begin PBXFrameworksBuildPhase section */
		747B90AA1DEBAF05001D5A9D /* Frameworks */ = {
			isa = PBXFrameworksBuildPhase;
			buildActionMask = 2147483647;
			files = (
			);
			runOnlyForDeploymentPostprocessing = 0;
		};
/* End PBXFrameworksBuildPhase section */

/* Begin PBXGroup section */
		747B90A41DEBAF05001D5A9D = {
			isa = PBXGroup;
			children = (
				747B90AF1DEBAF05001D5A9D /* Scoreboard */,
				747B90AE1DEBAF05001D5A9D /* Products */,
			);
			sourceTree = "<group>";
		};
		747B90AE1DEBAF05001D5A9D /* Products */ = {
			isa = PBXGroup;
			children = (
				747B90AD1DEBAF05001D5A9D /* Scoreboard.app */,
			);
			name = Products;
			sourceTree = "<group>";
		};
		747B90AF1DEBAF05001D5A9D /* Scoreboard */ = {
			isa = PBXGroup;
			children = (
				747B90B31DEBAF05001D5A9D /* AppDelegate.h */,
				747B90B41DEBAF05001D5A9D /* AppDelegate.m */,
				747B90B61DEBAF05001D5A9D /* ViewController.h */,
				747B90B71DEBAF05001D5A9D /* ViewController.m */,
				950349911DECB34F00C54098 /* PageViewController.h */,
				950349921DECB34F00C54098 /* PageViewController.m */,
				950349941DECB4A800C54098 /* PlayerViewController.h */,
				950349951DECB4A800C54098 /* PlayerViewController.m */,
				950349971DECB4B300C54098 /* GameSummaryViewController.h */,
				950349981DECB4B300C54098 /* GameSummaryViewController.m */,
				95367B541DF374AF002EFF6C /* FiveSummaryViewController.h */,
				95367B551DF374AF002EFF6C /* FiveSummaryViewController.m */,
				9503499B1DECD38200C54098 /* BoardDetailViewController.h */,
				9503499C1DECD38300C54098 /* BoardDetailViewController.m */,
				747B90B91DEBAF05001D5A9D /* Main.storyboard */,
				747B90BF1DEBAF05001D5A9D /* Assets.xcassets */,
				747B90C11DEBAF05001D5A9D /* LaunchScreen.storyboard */,
				747B90C41DEBAF05001D5A9D /* Info.plist */,
				747B90BC1DEBAF05001D5A9D /* Scoreboard.xcdatamodeld */,
				747B90B01DEBAF05001D5A9D /* Supporting Files */,
			);
			path = Scoreboard;
			sourceTree = "<group>";
		};
		747B90B01DEBAF05001D5A9D /* Supporting Files */ = {
			isa = PBXGroup;
			children = (
				95367B3C1DF37065002EFF6C /* Player+CoreDataClass.h */,
				95367B3D1DF37065002EFF6C /* Player+CoreDataClass.m */,
				95367B3E1DF37065002EFF6C /* Player+CoreDataProperties.h */,
				95367B3F1DF37065002EFF6C /* Player+CoreDataProperties.m */,
				95367B401DF37065002EFF6C /* CricketPoints+CoreDataClass.h */,
				95367B411DF37065002EFF6C /* CricketPoints+CoreDataClass.m */,
				95367B421DF37065002EFF6C /* CricketPoints+CoreDataProperties.h */,
				95367B431DF37065002EFF6C /* CricketPoints+CoreDataProperties.m */,
				95367B441DF37065002EFF6C /* Game+CoreDataClass.h */,
				95367B451DF37065002EFF6C /* Game+CoreDataClass.m */,
				95367B461DF37065002EFF6C /* Game+CoreDataProperties.h */,
				95367B471DF37065002EFF6C /* Game+CoreDataProperties.m */,
				95367B481DF37065002EFF6C /* Points501+CoreDataClass.h */,
				95367B491DF37065002EFF6C /* Points501+CoreDataClass.m */,
				95367B4A1DF37065002EFF6C /* Points501+CoreDataProperties.h */,
				95367B4B1DF37065002EFF6C /* Points501+CoreDataProperties.m */,
				747B90CA1DEC9D00001D5A9D /* GameManager.h */,
				747B90CB1DEC9D00001D5A9D /* GameManager.m */,
				747B90B11DEBAF05001D5A9D /* main.m */,
			);
			name = "Supporting Files";
			sourceTree = "<group>";
		};
/* End PBXGroup section */

/* Begin PBXNativeTarget section */
		747B90AC1DEBAF05001D5A9D /* Scoreboard */ = {
			isa = PBXNativeTarget;
			buildConfigurationList = 747B90C71DEBAF05001D5A9D /* Build configuration list for PBXNativeTarget "Scoreboard" */;
			buildPhases = (
				747B90A91DEBAF05001D5A9D /* Sources */,
				747B90AA1DEBAF05001D5A9D /* Frameworks */,
				747B90AB1DEBAF05001D5A9D /* Resources */,
			);
			buildRules = (
			);
			dependencies = (
			);
			name = Scoreboard;
			productName = Scoreboard;
			productReference = 747B90AD1DEBAF05001D5A9D /* Scoreboard.app */;
			productType = "com.apple.product-type.application";
		};
/* End PBXNativeTarget section */

/* Begin PBXProject section */
		747B90A51DEBAF05001D5A9D /* Project object */ = {
			isa = PBXProject;
			attributes = {
				LastUpgradeCheck = 0810;
				TargetAttributes = {
					747B90AC1DEBAF05001D5A9D = {
						CreatedOnToolsVersion = 8.1;
						DevelopmentTeam = G3KYTESUM8;
						ProvisioningStyle = Automatic;
					};
				};
			};
			buildConfigurationList = 747B90A81DEBAF05001D5A9D /* Build configuration list for PBXProject "Scoreboard" */;
			compatibilityVersion = "Xcode 3.2";
			developmentRegion = English;
			hasScannedForEncodings = 0;
			knownRegions = (
				en,
				Base,
			);
			mainGroup = 747B90A41DEBAF05001D5A9D;
			productRefGroup = 747B90AE1DEBAF05001D5A9D /* Products */;
			projectDirPath = "";
			projectRoot = "";
			targets = (
				747B90AC1DEBAF05001D5A9D /* Scoreboard */,
			);
		};
/* End PBXProject section */

/* Begin PBXResourcesBuildPhase section */
		747B90AB1DEBAF05001D5A9D /* Resources */ = {
			isa = PBXResourcesBuildPhase;
			buildActionMask = 2147483647;
			files = (
				74F532621DF0A50C005AB493 /* Scoreboard.xcdatamodeld in Resources */,
				747B90C31DEBAF05001D5A9D /* LaunchScreen.storyboard in Resources */,
				747B90C01DEBAF05001D5A9D /* Assets.xcassets in Resources */,
				747B90BB1DEBAF05001D5A9D /* Main.storyboard in Resources */,
			);
			runOnlyForDeploymentPostprocessing = 0;
		};
/* End PBXResourcesBuildPhase section */

/* Begin PBXSourcesBuildPhase section */
		747B90A91DEBAF05001D5A9D /* Sources */ = {
			isa = PBXSourcesBuildPhase;
			buildActionMask = 2147483647;
			files = (
				740B16371DEF696B0073C2D8 /* BoardDetailViewController.m in Sources */,
				950349961DECB4A800C54098 /* PlayerViewController.m in Sources */,
				95367B561DF374AF002EFF6C /* FiveSummaryViewController.m in Sources */,
				747B90B81DEBAF05001D5A9D /* ViewController.m in Sources */,
				747B90B51DEBAF05001D5A9D /* AppDelegate.m in Sources */,
				747B90B21DEBAF05001D5A9D /* main.m in Sources */,
				950349991DECB4B300C54098 /* GameSummaryViewController.m in Sources */,
				747B90BE1DEBAF05001D5A9D /* Scoreboard.xcdatamodeld in Sources */,
				950349931DECB34F00C54098 /* PageViewController.m in Sources */,
			);
			runOnlyForDeploymentPostprocessing = 0;
		};
/* End PBXSourcesBuildPhase section */

/* Begin PBXVariantGroup section */
		747B90B91DEBAF05001D5A9D /* Main.storyboard */ = {
			isa = PBXVariantGroup;
			children = (
				747B90BA1DEBAF05001D5A9D /* Base */,
			);
			name = Main.storyboard;
			sourceTree = "<group>";
		};
		747B90C11DEBAF05001D5A9D /* LaunchScreen.storyboard */ = {
			isa = PBXVariantGroup;
			children = (
				747B90C21DEBAF05001D5A9D /* Base */,
			);
			name = LaunchScreen.storyboard;
			sourceTree = "<group>";
		};
/* End PBXVariantGroup section */

/* Begin XCBuildConfiguration section */
		747B90C51DEBAF05001D5A9D /* Debug */ = {
			isa = XCBuildConfiguration;
			buildSettings = {
				ALWAYS_SEARCH_USER_PATHS = NO;
				CLANG_ANALYZER_NONNULL = YES;
				CLANG_CXX_LANGUAGE_STANDARD = "gnu++0x";
				CLANG_CXX_LIBRARY = "libc++";
				CLANG_ENABLE_MODULES = YES;
				CLANG_ENABLE_OBJC_ARC = YES;
				CLANG_WARN_BOOL_CONVERSION = YES;
				CLANG_WARN_CONSTANT_CONVERSION = YES;
				CLANG_WARN_DIRECT_OBJC_ISA_USAGE = YES_ERROR;
				CLANG_WARN_DOCUMENTATION_COMMENTS = YES;
				CLANG_WARN_EMPTY_BODY = YES;
				CLANG_WARN_ENUM_CONVERSION = YES;
				CLANG_WARN_INFINITE_RECURSION = YES;
				CLANG_WARN_INT_CONVERSION = YES;
				CLANG_WARN_OBJC_ROOT_CLASS = YES_ERROR;
				CLANG_WARN_SUSPICIOUS_MOVES = YES;
				CLANG_WARN_UNREACHABLE_CODE = YES;
				CLANG_WARN__DUPLICATE_METHOD_MATCH = YES;
				"CODE_SIGN_IDENTITY[sdk=iphoneos*]" = "iPhone Developer";
				COPY_PHASE_STRIP = NO;
				DEBUG_INFORMATION_FORMAT = dwarf;
				ENABLE_STRICT_OBJC_MSGSEND = YES;
				ENABLE_TESTABILITY = YES;
				GCC_C_LANGUAGE_STANDARD = gnu99;
				GCC_DYNAMIC_NO_PIC = NO;
				GCC_NO_COMMON_BLOCKS = YES;
				GCC_OPTIMIZATION_LEVEL = 0;
				GCC_PREPROCESSOR_DEFINITIONS = (
					"DEBUG=1",
					"$(inherited)",
				);
				GCC_WARN_64_TO_32_BIT_CONVERSION = YES;
				GCC_WARN_ABOUT_RETURN_TYPE = YES_ERROR;
				GCC_WARN_UNDECLARED_SELECTOR = YES;
				GCC_WARN_UNINITIALIZED_AUTOS = YES_AGGRESSIVE;
				GCC_WARN_UNUSED_FUNCTION = YES;
				GCC_WARN_UNUSED_VARIABLE = YES;
				IPHONEOS_DEPLOYMENT_TARGET = 10.1;
				MTL_ENABLE_DEBUG_INFO = YES;
				ONLY_ACTIVE_ARCH = YES;
				SDKROOT = iphoneos;
				TARGETED_DEVICE_FAMILY = "1,2";
			};
			name = Debug;
		};
		747B90C61DEBAF05001D5A9D /* Release */ = {
			isa = XCBuildConfiguration;
			buildSettings = {
				ALWAYS_SEARCH_USER_PATHS = NO;
				CLANG_ANALYZER_NONNULL = YES;
				CLANG_CXX_LANGUAGE_STANDARD = "gnu++0x";
				CLANG_CXX_LIBRARY = "libc++";
				CLANG_ENABLE_MODULES = YES;
				CLANG_ENABLE_OBJC_ARC = YES;
				CLANG_WARN_BOOL_CONVERSION = YES;
				CLANG_WARN_CONSTANT_CONVERSION = YES;
				CLANG_WARN_DIRECT_OBJC_ISA_USAGE = YES_ERROR;
				CLANG_WARN_DOCUMENTATION_COMMENTS = YES;
				CLANG_WARN_EMPTY_BODY = YES;
				CLANG_WARN_ENUM_CONVERSION = YES;
				CLANG_WARN_INFINITE_RECURSION = YES;
				CLANG_WARN_INT_CONVERSION = YES;
				CLANG_WARN_OBJC_ROOT_CLASS = YES_ERROR;
				CLANG_WARN_SUSPICIOUS_MOVES = YES;
				CLANG_WARN_UNREACHABLE_CODE = YES;
				CLANG_WARN__DUPLICATE_METHOD_MATCH = YES;
				"CODE_SIGN_IDENTITY[sdk=iphoneos*]" = "iPhone Developer";
				COPY_PHASE_STRIP = NO;
				DEBUG_INFORMATION_FORMAT = "dwarf-with-dsym";
				ENABLE_NS_ASSERTIONS = NO;
				ENABLE_STRICT_OBJC_MSGSEND = YES;
				GCC_C_LANGUAGE_STANDARD = gnu99;
				GCC_NO_COMMON_BLOCKS = YES;
				GCC_WARN_64_TO_32_BIT_CONVERSION = YES;
				GCC_WARN_ABOUT_RETURN_TYPE = YES_ERROR;
				GCC_WARN_UNDECLARED_SELECTOR = YES;
				GCC_WARN_UNINITIALIZED_AUTOS = YES_AGGRESSIVE;
				GCC_WARN_UNUSED_FUNCTION = YES;
				GCC_WARN_UNUSED_VARIABLE = YES;
				IPHONEOS_DEPLOYMENT_TARGET = 10.1;
				MTL_ENABLE_DEBUG_INFO = NO;
				SDKROOT = iphoneos;
				TARGETED_DEVICE_FAMILY = "1,2";
				VALIDATE_PRODUCT = YES;
			};
			name = Release;
		};
		747B90C81DEBAF05001D5A9D /* Debug */ = {
			isa = XCBuildConfiguration;
			buildSettings = {
				ASSETCATALOG_COMPILER_APPICON_NAME = AppIcon;
				DEVELOPMENT_TEAM = G3KYTESUM8;
				INFOPLIST_FILE = Scoreboard/Info.plist;
				IPHONEOS_DEPLOYMENT_TARGET = 9.2;
				LD_RUNPATH_SEARCH_PATHS = "$(inherited) @executable_path/Frameworks";
				PRODUCT_BUNDLE_IDENTIFIER = mm.Scoreboard;
				PRODUCT_NAME = "$(TARGET_NAME)";
			};
			name = Debug;
		};
		747B90C91DEBAF05001D5A9D /* Release */ = {
			isa = XCBuildConfiguration;
			buildSettings = {
				ASSETCATALOG_COMPILER_APPICON_NAME = AppIcon;
				DEVELOPMENT_TEAM = G3KYTESUM8;
				INFOPLIST_FILE = Scoreboard/Info.plist;
				IPHONEOS_DEPLOYMENT_TARGET = 9.2;
				LD_RUNPATH_SEARCH_PATHS = "$(inherited) @executable_path/Frameworks";
				PRODUCT_BUNDLE_IDENTIFIER = mm.Scoreboard;
				PRODUCT_NAME = "$(TARGET_NAME)";
			};
			name = Release;
		};
/* End XCBuildConfiguration section */

/* Begin XCConfigurationList section */
		747B90A81DEBAF05001D5A9D /* Build configuration list for PBXProject "Scoreboard" */ = {
			isa = XCConfigurationList;
			buildConfigurations = (
				747B90C51DEBAF05001D5A9D /* Debug */,
				747B90C61DEBAF05001D5A9D /* Release */,
			);
			defaultConfigurationIsVisible = 0;
			defaultConfigurationName = Release;
		};
		747B90C71DEBAF05001D5A9D /* Build configuration list for PBXNativeTarget "Scoreboard" */ = {
			isa = XCConfigurationList;
			buildConfigurations = (
				747B90C81DEBAF05001D5A9D /* Debug */,
				747B90C91DEBAF05001D5A9D /* Release */,
			);
			defaultConfigurationIsVisible = 0;
			defaultConfigurationName = Release;
		};
/* End XCConfigurationList section */

/* Begin XCVersionGroup section */
		747B90BC1DEBAF05001D5A9D /* Scoreboard.xcdatamodeld */ = {
			isa = XCVersionGroup;
			children = (
				952302571DF0A2C000AE1DB1 /* Scoreboard 2.xcdatamodel */,
				747B90BD1DEBAF05001D5A9D /* Scoreboard.xcdatamodel */,
			);
			currentVersion = 952302571DF0A2C000AE1DB1 /* Scoreboard 2.xcdatamodel */;
			path = Scoreboard.xcdatamodeld;
			sourceTree = "<group>";
			versionGroupType = wrapper.xcdatamodel;
		};
/* End XCVersionGroup section */
	};
	rootObject = 747B90A51DEBAF05001D5A9D /* Project object */;
}
